{
    "hash": "b4a51df9dd1cd6478009aab74d4a9055",
    "packages": [
        {
            "package": "jjaffeux/postmark-inbound-php",
            "version": "dev-master",
            "source-reference": "7c24631a6349d53f5e443b844771891fa2900714"
        }
    ],
    "packages-dev": null,
    "aliases": []
}
